{
    "name": "go-mysql-js",
    "version": "0.3.2",
    "lockfileVersion": 2,
    "requires": true,
    "packages": {
        "": {
            "name": "go-mysql-js",
            "version": "0.3.2",
            "hasInstallScript": true,
            "license": "MIT",
            "dependencies": {
                "debug": "^4"
            },
            "devDependencies": {
                "@types/debug": "^4",
                "@types/node": "^20.1.5",
                "typescript": "^5.0.4"
            }
        },
        "node_modules/@types/debug": {
            "version": "4.1.8",
            "resolved": "https://registry.npmjs.org/@types/debug/-/debug-4.1.8.tgz",
            "integrity": "sha512-/vPO1EPOs306Cvhwv7KfVfYvOJqA/S/AXjaHQiJboCZzcNDb+TIJFN9/2C9DZ//ijSKWioNyUxD792QmDJ+HKQ==",
            "dev": true,
            "dependencies": {
                "@types/ms": "*"
            }
        },
        "node_modules/@types/ms": {
            "version": "0.7.31",
            "resolved": "https://registry.npmjs.org/@types/ms/-/ms-0.7.31.tgz",
            "integrity": "sha512-iiUgKzV9AuaEkZqkOLDIvlQiL6ltuZd9tGcW3gwpnX8JbuiuhFlEGmmFXEXkN50Cvq7Os88IY2v0dkDqXYWVgA==",
            "dev": true
        },
        "node_modules/@types/node": {
            "version": "20.5.7",
            "resolved": "https://registry.npmjs.org/@types/node/-/node-20.5.7.tgz",
            "integrity": "sha512-dP7f3LdZIysZnmvP3ANJYTSwg+wLLl8p7RqniVlV7j+oXSXAbt9h0WIBFmJy5inWZoX9wZN6eXx+YXd9Rh3RBA==",
            "dev": true
        },
        "node_modules/debug": {
            "version": "4.3.4",
            "resolved": "https://registry.npmjs.org/debug/-/debug-4.3.4.tgz",
            "integrity": "sha512-PRWFHuSU3eDtQJPvnNY7Jcket1j0t5OuOsFzPPzsekD52Zl8qUfFIPEiswXqIvHWGVHOgX+7G/vCNNhehwxfkQ==",
            "dependencies": {
                "ms": "2.1.2"
            },
            "engines": {
                "node": ">=6.0"
            },
            "peerDependenciesMeta": {
                "supports-color": {
                    "optional": true
                }
            }
        },
        "node_modules/ms": {
            "version": "2.1.2",
            "resolved": "https://registry.npmjs.org/ms/-/ms-2.1.2.tgz",
            "integrity": "sha512-sGkPx+VjMtmA6MX27oA4FBFELFCZZ4S4XqeGOXCv68tT+jb3vk/RyaKWP0PTKyWtmLSM0b+adUTEvbs1PEaH2w=="
        },
        "node_modules/typescript": {
            "version": "5.0.4",
            "resolved": "https://registry.npmjs.org/typescript/-/typescript-5.0.4.tgz",
            "integrity": "sha512-cW9T5W9xY37cc+jfEnaUvX91foxtHkza3Nw3wkoF4sSlKn0MONdkdEndig/qPBWXNkmplh3NzayQzCiHM4/hqw==",
            "dev": true,
            "bin": {
                "tsc": "bin/tsc",
                "tsserver": "bin/tsserver"
            },
            "engines": {
                "node": ">=12.20"
            }
        }
    },
    "dependencies": {
        "@types/debug": {
            "version": "4.1.8",
            "resolved": "https://registry.npmjs.org/@types/debug/-/debug-4.1.8.tgz",
            "integrity": "sha512-/vPO1EPOs306Cvhwv7KfVfYvOJqA/S/AXjaHQiJboCZzcNDb+TIJFN9/2C9DZ//ijSKWioNyUxD792QmDJ+HKQ==",
            "dev": true,
            "requires": {
                "@types/ms": "*"
            }
        },
        "@types/ms": {
            "version": "0.7.31",
            "resolved": "https://registry.npmjs.org/@types/ms/-/ms-0.7.31.tgz",
            "integrity": "sha512-iiUgKzV9AuaEkZqkOLDIvlQiL6ltuZd9tGcW3gwpnX8JbuiuhFlEGmmFXEXkN50Cvq7Os88IY2v0dkDqXYWVgA==",
            "dev": true
        },
        "@types/node": {
            "version": "20.5.7",
            "resolved": "https://registry.npmjs.org/@types/node/-/node-20.5.7.tgz",
            "integrity": "sha512-dP7f3LdZIysZnmvP3ANJYTSwg+wLLl8p7RqniVlV7j+oXSXAbt9h0WIBFmJy5inWZoX9wZN6eXx+YXd9Rh3RBA==",
            "dev": true
        },
        "debug": {
            "version": "4.3.4",
            "resolved": "https://registry.npmjs.org/debug/-/debug-4.3.4.tgz",
            "integrity": "sha512-PRWFHuSU3eDtQJPvnNY7Jcket1j0t5OuOsFzPPzsekD52Zl8qUfFIPEiswXqIvHWGVHOgX+7G/vCNNhehwxfkQ==",
            "requires": {
                "ms": "2.1.2"
            }
        },
        "ms": {
            "version": "2.1.2",
            "resolved": "https://registry.npmjs.org/ms/-/ms-2.1.2.tgz",
            "integrity": "sha512-sGkPx+VjMtmA6MX27oA4FBFELFCZZ4S4XqeGOXCv68tT+jb3vk/RyaKWP0PTKyWtmLSM0b+adUTEvbs1PEaH2w=="
        },
        "typescript": {
            "version": "5.0.4",
            "resolved": "https://registry.npmjs.org/typescript/-/typescript-5.0.4.tgz",
            "integrity": "sha512-cW9T5W9xY37cc+jfEnaUvX91foxtHkza3Nw3wkoF4sSlKn0MONdkdEndig/qPBWXNkmplh3NzayQzCiHM4/hqw==",
            "dev": true
        }
    }
}
